
Microsoft Visual Studio Solution File, Format Version 12.00
# Visual Studio 14
VisualStudioVersion = 14.0.23107.0
MinimumVisualStudioVersion = 10.0.40219.1
Project("{FAE04EC0-301F-11D3-BF4B-00C04F79EFBC}") = "WebPartTest", "WebPartTest\WebPartTest.csproj", "{E3E60C98-A060-47DD-989F-97CDD7C182AA}"
EndProject
Global
	GlobalSection(SolutionConfigurationPlatforms) = preSolution
		Debug|Any CPU = Debug|Any CPU
		Release|Any CPU = Release|Any CPU
	EndGlobalSection
	GlobalSection(ProjectConfigurationPlatforms) = postSolution
		{E3E60C98-A060-47DD-989F-97CDD7C182AA}.Debug|Any CPU.ActiveCfg = Debug|Any CPU
		{E3E60C98-A060-47DD-989F-97CDD7C182AA}.Debug|Any CPU.Build.0 = Debug|Any CPU
		{E3E60C98-A060-47DD-989F-97CDD7C182AA}.Debug|Any CPU.Deploy.0 = Debug|Any CPU
		{E3E60C98-A060-47DD-989F-97CDD7C182AA}.Release|Any CPU.ActiveCfg = Release|Any CPU
		{E3E60C98-A060-47DD-989F-97CDD7C182AA}.Release|Any CPU.Build.0 = Release|Any CPU
		{E3E60C98-A060-47DD-989F-97CDD7C182AA}.Release|Any CPU.Deploy.0 = Release|Any CPU
	EndGlobalSection
	GlobalSection(SolutionProperties) = preSolution
		HideSolutionNode = FALSE
	EndGlobalSection
EndGlobal
